
Microsoft Visual Studio Solution File, Format Version 12.00
# Visual Studio Version 16
VisualStudioVersion = 16.0.29306.81
MinimumVisualStudioVersion = 10.0.40219.1
Project("{888888A0-9F3D-457C-B088-3A5042F75D52}") = "X2Face", "X2Face\X2Face.pyproj", "{C2171FD0-9945-47D9-8735-66E035E3769E}"
EndProject
Global
	GlobalSection(SolutionConfigurationPlatforms) = preSolution
		Debug|Any CPU = Debug|Any CPU
		Release|Any CPU = Release|Any CPU
	EndGlobalSection
	GlobalSection(ProjectConfigurationPlatforms) = postSolution
		{C2171FD0-9945-47D9-8735-66E035E3769E}.Debug|Any CPU.ActiveCfg = Debug|Any CPU
		{C2171FD0-9945-47D9-8735-66E035E3769E}.Release|Any CPU.ActiveCfg = Release|Any CPU
	EndGlobalSection
	GlobalSection(SolutionProperties) = preSolution
		HideSolutionNode = FALSE
	EndGlobalSection
	GlobalSection(ExtensibilityGlobals) = postSolution
		SolutionGuid = {001E49D9-D94E-467A-8C8D-7EA50D1D67D1}
	EndGlobalSection
EndGlobal
